// !$*UTF8*$!
{
	archiveVersion = 1;
	classes = {
	};
	objectVersion = 46;
	objects = {

/* Begin PBXBuildFile section */
		1A445CBA1D502D9200007C7A /* main.m in Sources */ = {isa = PBXBuildFile; fileRef = 1A445CB91D502D9200007C7A /* main.m */; };
		1A445CBD1D502D9200007C7A /* AppDelegate.m in Sources */ = {isa = PBXBuildFile; fileRef = 1A445CBC1D502D9200007C7A /* AppDelegate.m */; };
		1A445CC01D502D9200007C7A /* ViewController.m in Sources */ = {isa = PBXBuildFile; fileRef = 1A445CBF1D502D9200007C7A /* ViewController.m */; };
		1A445CC31D502D9200007C7A /* Main.storyboard in Resources */ = {isa = PBXBuildFile; fileRef = 1A445CC11D502D9200007C7A /* Main.storyboard */; };
		1A445CC51D502D9200007C7A /* Assets.xcassets in Resources */ = {isa = PBXBuildFile; fileRef = 1A445CC41D502D9200007C7A /* Assets.xcassets */; };
		1A445CC81D502D9200007C7A /* LaunchScreen.storyboard in Resources */ = {isa = PBXBuildFile; fileRef = 1A445CC61D502D9200007C7A /* LaunchScreen.storyboard */; };
		1A445CD31D50304A00007C7A /* XCNetworkTools.m in Sources */ = {isa = PBXBuildFile; fileRef = 1A445CD21D50304A00007C7A /* XCNetworkTools.m */; };
		1A445CD61D5030CD00007C7A /* Reachability.m in Sources */ = {isa = PBXBuildFile; fileRef = 1A445CD51D5030CD00007C7A /* Reachability.m */; };
		CADD70146D83ACCC958C2481 /* libPods.a in Frameworks */ = {isa = PBXBuildFile; fileRef = 62E7CA2E3B1096A0EBE6A3F8 /* libPods.a */; };
/* End PBXBuildFile section */

/* Begin PBXFileReference section */
		1A445CB51D502D9200007C7A /* AFNTools.app */ = {isa = PBXFileReference; explicitFileType = wrapper.application; includeInIndex = 0; path = AFNTools.app; sourceTree = BUILT_PRODUCTS_DIR; };
		1A445CB91D502D9200007C7A /* main.m */ = {isa = PBXFileReference; lastKnownFileType = sourcecode.c.objc; path = main.m; sourceTree = "<group>"; };
		1A445CBB1D502D9200007C7A /* AppDelegate.h */ = {isa = PBXFileReference; lastKnownFileType = sourcecode.c.h; path = AppDelegate.h; sourceTree = "<group>"; };
		1A445CBC1D502D9200007C7A /* AppDelegate.m */ = {isa = PBXFileReference; lastKnownFileType = sourcecode.c.objc; path = AppDelegate.m; sourceTree = "<group>"; };
		1A445CBE1D502D9200007C7A /* ViewController.h */ = {isa = PBXFileReference; lastKnownFileType = sourcecode.c.h; path = ViewController.h; sourceTree = "<group>"; };
		1A445CBF1D502D9200007C7A /* ViewController.m */ = {isa = PBXFileReference; lastKnownFileType = sourcecode.c.objc; path = ViewController.m; sourceTree = "<group>"; };
		1A445CC21D502D9200007C7A /* Base */ = {isa = PBXFileReference; lastKnownFileType = file.storyboard; name = Base; path = Base.lproj/Main.storyboard; sourceTree = "<group>"; };
		1A445CC41D502D9200007C7A /* Assets.xcassets */ = {isa = PBXFileReference; lastKnownFileType = folder.assetcatalog; path = Assets.xcassets; sourceTree = "<group>"; };
		1A445CC71D502D9200007C7A /* Base */ = {isa = PBXFileReference; lastKnownFileType = file.storyboard; name = Base; path = Base.lproj/LaunchScreen.storyboard; sourceTree = "<group>"; };
		1A445CC91D502D9200007C7A /* Info.plist */ = {isa = PBXFileReference; lastKnownFileType = text.plist.xml; path = Info.plist; sourceTree = "<group>"; };
		1A445CD01D50304A00007C7A /* ApiConfig.h */ = {isa = PBXFileReference; fileEncoding = 4; lastKnownFileType = sourcecode.c.h; path = ApiConfig.h; sourceTree = "<group>"; };
		1A445CD11D50304A00007C7A /* XCNetworkTools.h */ = {isa = PBXFileReference; fileEncoding = 4; lastKnownFileType = sourcecode.c.h; path = XCNetworkTools.h; sourceTree = "<group>"; };
		1A445CD21D50304A00007C7A /* XCNetworkTools.m */ = {isa = PBXFileReference; fileEncoding = 4; lastKnownFileType = sourcecode.c.objc; path = XCNetworkTools.m; sourceTree = "<group>"; };
		1A445CD41D5030CD00007C7A /* Reachability.h */ = {isa = PBXFileReference; fileEncoding = 4; lastKnownFileType = sourcecode.c.h; path = Reachability.h; sourceTree = "<group>"; };
		1A445CD51D5030CD00007C7A /* Reachability.m */ = {isa = PBXFileReference; fileEncoding = 4; lastKnownFileType = sourcecode.c.objc; path = Reachability.m; sourceTree = "<group>"; };
		62E7CA2E3B1096A0EBE6A3F8 /* libPods.a */ = {isa = PBXFileReference; explicitFileType = archive.ar; includeInIndex = 0; path = libPods.a; sourceTree = BUILT_PRODUCTS_DIR; };
		7A63793DB4E64C7D5E4D19AC /* Pods.release.xcconfig */ = {isa = PBXFileReference; includeInIndex = 1; lastKnownFileType = text.xcconfig; name = Pods.release.xcconfig; path = "Pods/Target Support Files/Pods/Pods.release.xcconfig"; sourceTree = "<group>"; };
		90993043632B01CD21D8D047 /* Pods.debug.xcconfig */ = {isa = PBXFileReference; includeInIndex = 1; lastKnownFileType = text.xcconfig; name = Pods.debug.xcconfig; path = "Pods/Target Support Files/Pods/Pods.debug.xcconfig"; sourceTree = "<group>"; };
/* End PBXFileReference section */

/* Begin PBXFrameworksBuildPhase section */
		1A445CB21D502D9200007C7A /* Frameworks */ = {
			isa = PBXFrameworksBuildPhase;
			buildActionMask = 2147483647;
			files = (
				CADD70146D83ACCC958C2481 /* libPods.a in Frameworks */,
			);
			runOnlyForDeploymentPostprocessing = 0;
		};
/* End PBXFrameworksBuildPhase section */

/* Begin PBXGroup section */
		1A445CAC1D502D9200007C7A = {
			isa = PBXGroup;
			children = (
				1A445CB71D502D9200007C7A /* AFNTools */,
				1A445CB61D502D9200007C7A /* Products */,
				CE569AE409B0192C1EFCC542 /* Pods */,
				2111C318675C465BC1CC5D01 /* Frameworks */,
			);
			sourceTree = "<group>";
		};
		1A445CB61D502D9200007C7A /* Products */ = {
			isa = PBXGroup;
			children = (
				1A445CB51D502D9200007C7A /* AFNTools.app */,
			);
			name = Products;
			sourceTree = "<group>";
		};
		1A445CB71D502D9200007C7A /* AFNTools */ = {
			isa = PBXGroup;
			children = (
				1A445CCF1D50301C00007C7A /* Network */,
				1A445CBB1D502D9200007C7A /* AppDelegate.h */,
				1A445CBC1D502D9200007C7A /* AppDelegate.m */,
				1A445CBE1D502D9200007C7A /* ViewController.h */,
				1A445CBF1D502D9200007C7A /* ViewController.m */,
				1A445CC11D502D9200007C7A /* Main.storyboard */,
				1A445CC41D502D9200007C7A /* Assets.xcassets */,
				1A445CC61D502D9200007C7A /* LaunchScreen.storyboard */,
				1A445CC91D502D9200007C7A /* Info.plist */,
				1A445CB81D502D9200007C7A /* Supporting Files */,
			);
			path = AFNTools;
			sourceTree = "<group>";
		};
		1A445CB81D502D9200007C7A /* Supporting Files */ = {
			isa = PBXGroup;
			children = (
				1A445CB91D502D9200007C7A /* main.m */,
			);
			name = "Supporting Files";
			sourceTree = "<group>";
		};
		1A445CCF1D50301C00007C7A /* Network */ = {
			isa = PBXGroup;
			children = (
				1A445CD41D5030CD00007C7A /* Reachability.h */,
				1A445CD51D5030CD00007C7A /* Reachability.m */,
				1A445CD01D50304A00007C7A /* ApiConfig.h */,
				1A445CD11D50304A00007C7A /* XCNetworkTools.h */,
				1A445CD21D50304A00007C7A /* XCNetworkTools.m */,
			);
			path = Network;
			sourceTree = "<group>";
		};
		2111C318675C465BC1CC5D01 /* Frameworks */ = {
			isa = PBXGroup;
			children = (
				62E7CA2E3B1096A0EBE6A3F8 /* libPods.a */,
			);
			name = Frameworks;
			sourceTree = "<group>";
		};
		CE569AE409B0192C1EFCC542 /* Pods */ = {
			isa = PBXGroup;
			children = (
				90993043632B01CD21D8D047 /* Pods.debug.xcconfig */,
				7A63793DB4E64C7D5E4D19AC /* Pods.release.xcconfig */,
			);
			name = Pods;
			sourceTree = "<group>";
		};
/* End PBXGroup section */

/* Begin PBXNativeTarget section */
		1A445CB41D502D9200007C7A /* AFNTools */ = {
			isa = PBXNativeTarget;
			buildConfigurationList = 1A445CCC1D502D9300007C7A /* Build configuration list for PBXNativeTarget "AFNTools" */;
			buildPhases = (
				29BE6ACCDE59402A83E6FC58 /* Check Pods Manifest.lock */,
				1A445CB11D502D9200007C7A /* Sources */,
				1A445CB21D502D9200007C7A /* Frameworks */,
				1A445CB31D502D9200007C7A /* Resources */,
				062EB87347264682A929CFD6 /* Embed Pods Frameworks */,
				E27135DAB75946A1153C3312 /* Copy Pods Resources */,
			);
			buildRules = (
			);
			dependencies = (
			);
			name = AFNTools;
			productName = AFNTools;
			productReference = 1A445CB51D502D9200007C7A /* AFNTools.app */;
			productType = "com.apple.product-type.application";
		};
/* End PBXNativeTarget section */

/* Begin PBXProject section */
		1A445CAD1D502D9200007C7A /* Project object */ = {
			isa = PBXProject;
			attributes = {
				LastUpgradeCheck = 0730;
				ORGANIZATIONNAME = tools;
				TargetAttributes = {
					1A445CB41D502D9200007C7A = {
						CreatedOnToolsVersion = 7.3;
					};
				};
			};
			buildConfigurationList = 1A445CB01D502D9200007C7A /* Build configuration list for PBXProject "AFNTools" */;
			compatibilityVersion = "Xcode 3.2";
			developmentRegion = English;
			hasScannedForEncodings = 0;
			knownRegions = (
				en,
				Base,
			);
			mainGroup = 1A445CAC1D502D9200007C7A;
			productRefGroup = 1A445CB61D502D9200007C7A /* Products */;
			projectDirPath = "";
			projectRoot = "";
			targets = (
				1A445CB41D502D9200007C7A /* AFNTools */,
			);
		};
/* End PBXProject section */

/* Begin PBXResourcesBuildPhase section */
		1A445CB31D502D9200007C7A /* Resources */ = {
			isa = PBXResourcesBuildPhase;
			buildActionMask = 2147483647;
			files = (
				1A445CC81D502D9200007C7A /* LaunchScreen.storyboard in Resources */,
				1A445CC51D502D9200007C7A /* Assets.xcassets in Resources */,
				1A445CC31D502D9200007C7A /* Main.storyboard in Resources */,
			);
			runOnlyForDeploymentPostprocessing = 0;
		};
/* End PBXResourcesBuildPhase section */

/* Begin PBXShellScriptBuildPhase section */
		062EB87347264682A929CFD6 /* Embed Pods Frameworks */ = {
			isa = PBXShellScriptBuildPhase;
			buildActionMask = 2147483647;
			files = (
			);
			inputPaths = (
			);
			name = "Embed Pods Frameworks";
			outputPaths = (
			);
			runOnlyForDeploymentPostprocessing = 0;
			shellPath = /bin/sh;
			shellScript = "\"${SRCROOT}/Pods/Target Support Files/Pods/Pods-frameworks.sh\"\n";
			showEnvVarsInLog = 0;
		};
		29BE6ACCDE59402A83E6FC58 /* Check Pods Manifest.lock */ = {
			isa = PBXShellScriptBuildPhase;
			buildActionMask = 2147483647;
			files = (
			);
			inputPaths = (
			);
			name = "Check Pods Manifest.lock";
			outputPaths = (
			);
			runOnlyForDeploymentPostprocessing = 0;
			shellPath = /bin/sh;
			shellScript = "diff \"${PODS_ROOT}/../Podfile.lock\" \"${PODS_ROOT}/Manifest.lock\" > /dev/null\nif [[ $? != 0 ]] ; then\n    cat << EOM\nerror: The sandbox is not in sync with the Podfile.lock. Run 'pod install' or update your CocoaPods installation.\nEOM\n    exit 1\nfi\n";
			showEnvVarsInLog = 0;
		};
		E27135DAB75946A1153C3312 /* Copy Pods Resources */ = {
			isa = PBXShellScriptBuildPhase;
			buildActionMask = 2147483647;
			files = (
			);
			inputPaths = (
			);
			name = "Copy Pods Resources";
			outputPaths = (
			);
			runOnlyForDeploymentPostprocessing = 0;
			shellPath = /bin/sh;
			shellScript = "\"${SRCROOT}/Pods/Target Support Files/Pods/Pods-resources.sh\"\n";
			showEnvVarsInLog = 0;
		};
/* End PBXShellScriptBuildPhase section */

/* Begin PBXSourcesBuildPhase section */
		1A445CB11D502D9200007C7A /* Sources */ = {
			isa = PBXSourcesBuildPhase;
			buildActionMask = 2147483647;
			files = (
				1A445CC01D502D9200007C7A /* ViewController.m in Sources */,
				1A445CD31D50304A00007C7A /* XCNetworkTools.m in Sources */,
				1A445CBD1D502D9200007C7A /* AppDelegate.m in Sources */,
				1A445CBA1D502D9200007C7A /* main.m in Sources */,
				1A445CD61D5030CD00007C7A /* Reachability.m in Sources */,
			);
			runOnlyForDeploymentPostprocessing = 0;
		};
/* End PBXSourcesBuildPhase section */

/* Begin PBXVariantGroup section */
		1A445CC11D502D9200007C7A /* Main.storyboard */ = {
			isa = PBXVariantGroup;
			children = (
				1A445CC21D502D9200007C7A /* Base */,
			);
			name = Main.storyboard;
			sourceTree = "<group>";
		};
		1A445CC61D502D9200007C7A /* LaunchScreen.storyboard */ = {
			isa = PBXVariantGroup;
			children = (
				1A445CC71D502D9200007C7A /* Base */,
			);
			name = LaunchScreen.storyboard;
			sourceTree = "<group>";
		};
/* End PBXVariantGroup section */

/* Begin XCBuildConfiguration section */
		1A445CCA1D502D9200007C7A /* Debug */ = {
			isa = XCBuildConfiguration;
			buildSettings = {
				ALWAYS_SEARCH_USER_PATHS = NO;
				CLANG_ANALYZER_NONNULL = YES;
				CLANG_CXX_LANGUAGE_STANDARD = "gnu++0x";
				CLANG_CXX_LIBRARY = "libc++";
				CLANG_ENABLE_MODULES = YES;
				CLANG_ENABLE_OBJC_ARC = YES;
				CLANG_WARN_BOOL_CONVERSION = YES;
				CLANG_WARN_CONSTANT_CONVERSION = YES;
				CLANG_WARN_DIRECT_OBJC_ISA_USAGE = YES_ERROR;
				CLANG_WARN_EMPTY_BODY = YES;
				CLANG_WARN_ENUM_CONVERSION = YES;
				CLANG_WARN_INT_CONVERSION = YES;
				CLANG_WARN_OBJC_ROOT_CLASS = YES_ERROR;
				CLANG_WARN_UNREACHABLE_CODE = YES;
				CLANG_WARN__DUPLICATE_METHOD_MATCH = YES;
				"CODE_SIGN_IDENTITY[sdk=iphoneos*]" = "iPhone Developer";
				COPY_PHASE_STRIP = NO;
				DEBUG_INFORMATION_FORMAT = dwarf;
				ENABLE_STRICT_OBJC_MSGSEND = YES;
				ENABLE_TESTABILITY = YES;
				GCC_C_LANGUAGE_STANDARD = gnu99;
				GCC_DYNAMIC_NO_PIC = NO;
				GCC_NO_COMMON_BLOCKS = YES;
				GCC_OPTIMIZATION_LEVEL = 0;
				GCC_PREPROCESSOR_DEFINITIONS = (
					"DEBUG=1",
					"$(inherited)",
				);
				GCC_WARN_64_TO_32_BIT_CONVERSION = YES;
				GCC_WARN_ABOUT_RETURN_TYPE = YES_ERROR;
				GCC_WARN_UNDECLARED_SELECTOR = YES;
				GCC_WARN_UNINITIALIZED_AUTOS = YES_AGGRESSIVE;
				GCC_WARN_UNUSED_FUNCTION = YES;
				GCC_WARN_UNUSED_VARIABLE = YES;
				IPHONEOS_DEPLOYMENT_TARGET = 9.3;
				MTL_ENABLE_DEBUG_INFO = YES;
				ONLY_ACTIVE_ARCH = YES;
				SDKROOT = iphoneos;
			};
			name = Debug;
		};
		1A445CCB1D502D9200007C7A /* Release */ = {
			isa = XCBuildConfiguration;
			buildSettings = {
				ALWAYS_SEARCH_USER_PATHS = NO;
				CLANG_ANALYZER_NONNULL = YES;
				CLANG_CXX_LANGUAGE_STANDARD = "gnu++0x";
				CLANG_CXX_LIBRARY = "libc++";
				CLANG_ENABLE_MODULES = YES;
				CLANG_ENABLE_OBJC_ARC = YES;
				CLANG_WARN_BOOL_CONVERSION = YES;
				CLANG_WARN_CONSTANT_CONVERSION = YES;
				CLANG_WARN_DIRECT_OBJC_ISA_USAGE = YES_ERROR;
				CLANG_WARN_EMPTY_BODY = YES;
				CLANG_WARN_ENUM_CONVERSION = YES;
				CLANG_WARN_INT_CONVERSION = YES;
				CLANG_WARN_OBJC_ROOT_CLASS = YES_ERROR;
				CLANG_WARN_UNREACHABLE_CODE = YES;
				CLANG_WARN__DUPLICATE_METHOD_MATCH = YES;
				"CODE_SIGN_IDENTITY[sdk=iphoneos*]" = "iPhone Developer";
				COPY_PHASE_STRIP = NO;
				DEBUG_INFORMATION_FORMAT = "dwarf-with-dsym";
				ENABLE_NS_ASSERTIONS = NO;
				ENABLE_STRICT_OBJC_MSGSEND = YES;
				GCC_C_LANGUAGE_STANDARD = gnu99;
				GCC_NO_COMMON_BLOCKS = YES;
				GCC_WARN_64_TO_32_BIT_CONVERSION = YES;
				GCC_WARN_ABOUT_RETURN_TYPE = YES_ERROR;
				GCC_WARN_UNDECLARED_SELECTOR = YES;
				GCC_WARN_UNINITIALIZED_AUTOS = YES_AGGRESSIVE;
				GCC_WARN_UNUSED_FUNCTION = YES;
				GCC_WARN_UNUSED_VARIABLE = YES;
				IPHONEOS_DEPLOYMENT_TARGET = 9.3;
				MTL_ENABLE_DEBUG_INFO = NO;
				SDKROOT = iphoneos;
				VALIDATE_PRODUCT = YES;
			};
			name = Release;
		};
		1A445CCD1D502D9300007C7A /* Debug */ = {
			isa = XCBuildConfiguration;
			baseConfigurationReference = 90993043632B01CD21D8D047 /* Pods.debug.xcconfig */;
			buildSettings = {
				ASSETCATALOG_COMPILER_APPICON_NAME = AppIcon;
				INFOPLIST_FILE = AFNTools/Info.plist;
				LD_RUNPATH_SEARCH_PATHS = "$(inherited) @executable_path/Frameworks";
				PRODUCT_BUNDLE_IDENTIFIER = com.wr.AFNTools;
				PRODUCT_NAME = "$(TARGET_NAME)";
			};
			name = Debug;
		};
		1A445CCE1D502D9300007C7A /* Release */ = {
			isa = XCBuildConfiguration;
			baseConfigurationReference = 7A63793DB4E64C7D5E4D19AC /* Pods.release.xcconfig */;
			buildSettings = {
				ASSETCATALOG_COMPILER_APPICON_NAME = AppIcon;
				INFOPLIST_FILE = AFNTools/Info.plist;
				LD_RUNPATH_SEARCH_PATHS = "$(inherited) @executable_path/Frameworks";
				PRODUCT_BUNDLE_IDENTIFIER = com.wr.AFNTools;
				PRODUCT_NAME = "$(TARGET_NAME)";
			};
			name = Release;
		};
/* End XCBuildConfiguration section */

/* Begin XCConfigurationList section */
		1A445CB01D502D9200007C7A /* Build configuration list for PBXProject "AFNTools" */ = {
			isa = XCConfigurationList;
			buildConfigurations = (
				1A445CCA1D502D9200007C7A /* Debug */,
				1A445CCB1D502D9200007C7A /* Release */,
			);
			defaultConfigurationIsVisible = 0;
			defaultConfigurationName = Release;
		};
		1A445CCC1D502D9300007C7A /* Build configuration list for PBXNativeTarget "AFNTools" */ = {
			isa = XCConfigurationList;
			buildConfigurations = (
				1A445CCD1D502D9300007C7A /* Debug */,
				1A445CCE1D502D9300007C7A /* Release */,
			);
			defaultConfigurationIsVisible = 0;
			defaultConfigurationName = Release;
		};
/* End XCConfigurationList section */
	};
	rootObject = 1A445CAD1D502D9200007C7A /* Project object */;
}
